
Microsoft Visual Studio Solution File, Format Version 12.00
# Visual Studio 14
VisualStudioVersion = 14.0.25420.1
MinimumVisualStudioVersion = 10.0.40219.1
Project("{F184B08F-C81C-45F6-A57F-5ABD9991F28F}") = "H1", "H1\H1.vbproj", "{98E1D53E-4E1D-4D55-BAF6-24C8C357BB10}"
EndProject
Global
	GlobalSection(SolutionConfigurationPlatforms) = preSolution
		Debug|Any CPU = Debug|Any CPU
		Release|Any CPU = Release|Any CPU
	EndGlobalSection
	GlobalSection(ProjectConfigurationPlatforms) = postSolution
		{98E1D53E-4E1D-4D55-BAF6-24C8C357BB10}.Debug|Any CPU.ActiveCfg = Debug|Any CPU
		{98E1D53E-4E1D-4D55-BAF6-24C8C357BB10}.Debug|Any CPU.Build.0 = Debug|Any CPU
		{98E1D53E-4E1D-4D55-BAF6-24C8C357BB10}.Release|Any CPU.ActiveCfg = Release|Any CPU
		{98E1D53E-4E1D-4D55-BAF6-24C8C357BB10}.Release|Any CPU.Build.0 = Release|Any CPU
	EndGlobalSection
	GlobalSection(SolutionProperties) = preSolution
		HideSolutionNode = FALSE
	EndGlobalSection
EndGlobal
